langcode: en
status: true
dependencies:
  config:
    - field.storage.paragraph.field_block
    - paragraphs.paragraphs_type.edw_block_item
  module:
    - block_field
id: paragraph.edw_block_item.field_block
field_name: field_block
entity_type: paragraph
bundle: edw_block_item
label: Block
description: ''
required: false
translatable: false
default_value: {  }
default_value_callback: ''
settings:
  selection: blocks
  selection_settings:
    plugin_ids:
      edw_content: edw_content
      edw_hero_banner: edw_hero_banner
field_type: block_field
